// !$*UTF8*$!
{
	archiveVersion = 1;
	classes = {
	};
	objectVersion = 46;
	objects = {

/* Begin PBXBuildFile section */
		C46A27DE1C3E518A004BBC17 /* AppDelegate.swift in Sources */ = {isa = PBXBuildFile; fileRef = C46A27DD1C3E518A004BBC17 /* AppDelegate.swift */; };
		C46A27E01C3E518A004BBC17 /* ViewController.swift in Sources */ = {isa = PBXBuildFile; fileRef = C46A27DF1C3E518A004BBC17 /* ViewController.swift */; };
		C46A27E31C3E518A004BBC17 /* Main.storyboard in Resources */ = {isa = PBXBuildFile; fileRef = C46A27E11C3E518A004BBC17 /* Main.storyboard */; };
		C46A27E61C3E518A004BBC17 /* BLE.xcdatamodeld in Sources */ = {isa = PBXBuildFile; fileRef = C46A27E41C3E518A004BBC17 /* BLE.xcdatamodeld */; };
		C46A27E81C3E518A004BBC17 /* Assets.xcassets in Resources */ = {isa = PBXBuildFile; fileRef = C46A27E71C3E518A004BBC17 /* Assets.xcassets */; };
		C46A27EB1C3E518A004BBC17 /* LaunchScreen.storyboard in Resources */ = {isa = PBXBuildFile; fileRef = C46A27E91C3E518A004BBC17 /* LaunchScreen.storyboard */; };
		C46A27F31C3E51A5004BBC17 /* BleDiscovery.swift in Sources */ = {isa = PBXBuildFile; fileRef = C46A27F21C3E51A5004BBC17 /* BleDiscovery.swift */; };
		C46A27F51C3E57A4004BBC17 /* BleService.swift in Sources */ = {isa = PBXBuildFile; fileRef = C46A27F41C3E57A4004BBC17 /* BleService.swift */; };
/* End PBXBuildFile section */

/* Begin PBXFileReference section */
		C46A27DA1C3E518A004BBC17 /* BLE.app */ = {isa = PBXFileReference; explicitFileType = wrapper.application; includeInIndex = 0; path = BLE.app; sourceTree = BUILT_PRODUCTS_DIR; };
		C46A27DD1C3E518A004BBC17 /* AppDelegate.swift */ = {isa = PBXFileReference; lastKnownFileType = sourcecode.swift; path = AppDelegate.swift; sourceTree = "<group>"; };
		C46A27DF1C3E518A004BBC17 /* ViewController.swift */ = {isa = PBXFileReference; lastKnownFileType = sourcecode.swift; path = ViewController.swift; sourceTree = "<group>"; };
		C46A27E21C3E518A004BBC17 /* Base */ = {isa = PBXFileReference; lastKnownFileType = file.storyboard; name = Base; path = Base.lproj/Main.storyboard; sourceTree = "<group>"; };
		C46A27E51C3E518A004BBC17 /* BLE.xcdatamodel */ = {isa = PBXFileReference; lastKnownFileType = wrapper.xcdatamodel; path = BLE.xcdatamodel; sourceTree = "<group>"; };
		C46A27E71C3E518A004BBC17 /* Assets.xcassets */ = {isa = PBXFileReference; lastKnownFileType = folder.assetcatalog; path = Assets.xcassets; sourceTree = "<group>"; };
		C46A27EA1C3E518A004BBC17 /* Base */ = {isa = PBXFileReference; lastKnownFileType = file.storyboard; name = Base; path = Base.lproj/LaunchScreen.storyboard; sourceTree = "<group>"; };
		C46A27EC1C3E518A004BBC17 /* Info.plist */ = {isa = PBXFileReference; lastKnownFileType = text.plist.xml; path = Info.plist; sourceTree = "<group>"; };
		C46A27F21C3E51A5004BBC17 /* BleDiscovery.swift */ = {isa = PBXFileReference; fileEncoding = 4; lastKnownFileType = sourcecode.swift; path = BleDiscovery.swift; sourceTree = "<group>"; };
		C46A27F41C3E57A4004BBC17 /* BleService.swift */ = {isa = PBXFileReference; fileEncoding = 4; lastKnownFileType = sourcecode.swift; path = BleService.swift; sourceTree = "<group>"; };
/* End PBXFileReference section */

/* Begin PBXFrameworksBuildPhase section */
		C46A27D71C3E518A004BBC17 /* Frameworks */ = {
			isa = PBXFrameworksBuildPhase;
			buildActionMask = 2147483647;
			files = (
			);
			runOnlyForDeploymentPostprocessing = 0;
		};
/* End PBXFrameworksBuildPhase section */

/* Begin PBXGroup section */
		C46A27D11C3E518A004BBC17 = {
			isa = PBXGroup;
			children = (
				C46A27DC1C3E518A004BBC17 /* BLE */,
				C46A27DB1C3E518A004BBC17 /* Products */,
			);
			sourceTree = "<group>";
		};
		C46A27DB1C3E518A004BBC17 /* Products */ = {
			isa = PBXGroup;
			children = (
				C46A27DA1C3E518A004BBC17 /* BLE.app */,
			);
			name = Products;
			sourceTree = "<group>";
		};
		C46A27DC1C3E518A004BBC17 /* BLE */ = {
			isa = PBXGroup;
			children = (
				C46A27DD1C3E518A004BBC17 /* AppDelegate.swift */,
				C46A27DF1C3E518A004BBC17 /* ViewController.swift */,
				C46A27E11C3E518A004BBC17 /* Main.storyboard */,
				C46A27E71C3E518A004BBC17 /* Assets.xcassets */,
				C46A27E91C3E518A004BBC17 /* LaunchScreen.storyboard */,
				C46A27EC1C3E518A004BBC17 /* Info.plist */,
				C46A27E41C3E518A004BBC17 /* BLE.xcdatamodeld */,
				C46A27F21C3E51A5004BBC17 /* BleDiscovery.swift */,
				C46A27F41C3E57A4004BBC17 /* BleService.swift */,
			);
			path = BLE;
			sourceTree = "<group>";
		};
/* End PBXGroup section */

/* Begin PBXNativeTarget section */
		C46A27D91C3E518A004BBC17 /* BLE */ = {
			isa = PBXNativeTarget;
			buildConfigurationList = C46A27EF1C3E518A004BBC17 /* Build configuration list for PBXNativeTarget "BLE" */;
			buildPhases = (
				C46A27D61C3E518A004BBC17 /* Sources */,
				C46A27D71C3E518A004BBC17 /* Frameworks */,
				C46A27D81C3E518A004BBC17 /* Resources */,
			);
			buildRules = (
			);
			dependencies = (
			);
			name = BLE;
			productName = BLE;
			productReference = C46A27DA1C3E518A004BBC17 /* BLE.app */;
			productType = "com.apple.product-type.application";
		};
/* End PBXNativeTarget section */

/* Begin PBXProject section */
		C46A27D21C3E518A004BBC17 /* Project object */ = {
			isa = PBXProject;
			attributes = {
				LastSwiftUpdateCheck = 0720;
				LastUpgradeCheck = 0720;
				ORGANIZATIONNAME = NTU;
				TargetAttributes = {
					C46A27D91C3E518A004BBC17 = {
						CreatedOnToolsVersion = 7.2;
					};
				};
			};
			buildConfigurationList = C46A27D51C3E518A004BBC17 /* Build configuration list for PBXProject "BLE" */;
			compatibilityVersion = "Xcode 3.2";
			developmentRegion = English;
			hasScannedForEncodings = 0;
			knownRegions = (
				en,
				Base,
			);
			mainGroup = C46A27D11C3E518A004BBC17;
			productRefGroup = C46A27DB1C3E518A004BBC17 /* Products */;
			projectDirPath = "";
			projectRoot = "";
			targets = (
				C46A27D91C3E518A004BBC17 /* BLE */,
			);
		};
/* End PBXProject section */

/* Begin PBXResourcesBuildPhase section */
		C46A27D81C3E518A004BBC17 /* Resources */ = {
			isa = PBXResourcesBuildPhase;
			buildActionMask = 2147483647;
			files = (
				C46A27EB1C3E518A004BBC17 /* LaunchScreen.storyboard in Resources */,
				C46A27E81C3E518A004BBC17 /* Assets.xcassets in Resources */,
				C46A27E31C3E518A004BBC17 /* Main.storyboard in Resources */,
			);
			runOnlyForDeploymentPostprocessing = 0;
		};
/* End PBXResourcesBuildPhase section */

/* Begin PBXSourcesBuildPhase section */
		C46A27D61C3E518A004BBC17 /* Sources */ = {
			isa = PBXSourcesBuildPhase;
			buildActionMask = 2147483647;
			files = (
				C46A27F31C3E51A5004BBC17 /* BleDiscovery.swift in Sources */,
				C46A27F51C3E57A4004BBC17 /* BleService.swift in Sources */,
				C46A27E01C3E518A004BBC17 /* ViewController.swift in Sources */,
				C46A27DE1C3E518A004BBC17 /* AppDelegate.swift in Sources */,
				C46A27E61C3E518A004BBC17 /* BLE.xcdatamodeld in Sources */,
			);
			runOnlyForDeploymentPostprocessing = 0;
		};
/* End PBXSourcesBuildPhase section */

/* Begin PBXVariantGroup section */
		C46A27E11C3E518A004BBC17 /* Main.storyboard */ = {
			isa = PBXVariantGroup;
			children = (
				C46A27E21C3E518A004BBC17 /* Base */,
			);
			name = Main.storyboard;
			sourceTree = "<group>";
		};
		C46A27E91C3E518A004BBC17 /* LaunchScreen.storyboard */ = {
			isa = PBXVariantGroup;
			children = (
				C46A27EA1C3E518A004BBC17 /* Base */,
			);
			name = LaunchScreen.storyboard;
			sourceTree = "<group>";
		};
/* End PBXVariantGroup section */

/* Begin XCBuildConfiguration section */
		C46A27ED1C3E518A004BBC17 /* Debug */ = {
			isa = XCBuildConfiguration;
			buildSettings = {
				ALWAYS_SEARCH_USER_PATHS = NO;
				CLANG_CXX_LANGUAGE_STANDARD = "gnu++0x";
				CLANG_CXX_LIBRARY = "libc++";
				CLANG_ENABLE_MODULES = YES;
				CLANG_ENABLE_OBJC_ARC = YES;
				CLANG_WARN_BOOL_CONVERSION = YES;
				CLANG_WARN_CONSTANT_CONVERSION = YES;
				CLANG_WARN_DIRECT_OBJC_ISA_USAGE = YES_ERROR;
				CLANG_WARN_EMPTY_BODY = YES;
				CLANG_WARN_ENUM_CONVERSION = YES;
				CLANG_WARN_INT_CONVERSION = YES;
				CLANG_WARN_OBJC_ROOT_CLASS = YES_ERROR;
				CLANG_WARN_UNREACHABLE_CODE = YES;
				CLANG_WARN__DUPLICATE_METHOD_MATCH = YES;
				"CODE_SIGN_IDENTITY[sdk=iphoneos*]" = "iPhone Developer";
				COPY_PHASE_STRIP = NO;
				DEBUG_INFORMATION_FORMAT = dwarf;
				ENABLE_STRICT_OBJC_MSGSEND = YES;
				ENABLE_TESTABILITY = YES;
				GCC_C_LANGUAGE_STANDARD = gnu99;
				GCC_DYNAMIC_NO_PIC = NO;
				GCC_NO_COMMON_BLOCKS = YES;
				GCC_OPTIMIZATION_LEVEL = 0;
				GCC_PREPROCESSOR_DEFINITIONS = (
					"DEBUG=1",
					"$(inherited)",
				);
				GCC_WARN_64_TO_32_BIT_CONVERSION = YES;
				GCC_WARN_ABOUT_RETURN_TYPE = YES_ERROR;
				GCC_WARN_UNDECLARED_SELECTOR = YES;
				GCC_WARN_UNINITIALIZED_AUTOS = YES_AGGRESSIVE;
				GCC_WARN_UNUSED_FUNCTION = YES;
				GCC_WARN_UNUSED_VARIABLE = YES;
				IPHONEOS_DEPLOYMENT_TARGET = 9.2;
				MTL_ENABLE_DEBUG_INFO = YES;
				ONLY_ACTIVE_ARCH = YES;
				SDKROOT = iphoneos;
				SWIFT_OPTIMIZATION_LEVEL = "-Onone";
			};
			name = Debug;
		};
		C46A27EE1C3E518A004BBC17 /* Release */ = {
			isa = XCBuildConfiguration;
			buildSettings = {
				ALWAYS_SEARCH_USER_PATHS = NO;
				CLANG_CXX_LANGUAGE_STANDARD = "gnu++0x";
				CLANG_CXX_LIBRARY = "libc++";
				CLANG_ENABLE_MODULES = YES;
				CLANG_ENABLE_OBJC_ARC = YES;
				CLANG_WARN_BOOL_CONVERSION = YES;
				CLANG_WARN_CONSTANT_CONVERSION = YES;
				CLANG_WARN_DIRECT_OBJC_ISA_USAGE = YES_ERROR;
				CLANG_WARN_EMPTY_BODY = YES;
				CLANG_WARN_ENUM_CONVERSION = YES;
				CLANG_WARN_INT_CONVERSION = YES;
				CLANG_WARN_OBJC_ROOT_CLASS = YES_ERROR;
				CLANG_WARN_UNREACHABLE_CODE = YES;
				CLANG_WARN__DUPLICATE_METHOD_MATCH = YES;
				"CODE_SIGN_IDENTITY[sdk=iphoneos*]" = "iPhone Developer";
				COPY_PHASE_STRIP = NO;
				DEBUG_INFORMATION_FORMAT = "dwarf-with-dsym";
				ENABLE_NS_ASSERTIONS = NO;
				ENABLE_STRICT_OBJC_MSGSEND = YES;
				GCC_C_LANGUAGE_STANDARD = gnu99;
				GCC_NO_COMMON_BLOCKS = YES;
				GCC_WARN_64_TO_32_BIT_CONVERSION = YES;
				GCC_WARN_ABOUT_RETURN_TYPE = YES_ERROR;
				GCC_WARN_UNDECLARED_SELECTOR = YES;
				GCC_WARN_UNINITIALIZED_AUTOS = YES_AGGRESSIVE;
				GCC_WARN_UNUSED_FUNCTION = YES;
				GCC_WARN_UNUSED_VARIABLE = YES;
				IPHONEOS_DEPLOYMENT_TARGET = 9.2;
				MTL_ENABLE_DEBUG_INFO = NO;
				SDKROOT = iphoneos;
				VALIDATE_PRODUCT = YES;
			};
			name = Release;
		};
		C46A27F01C3E518A004BBC17 /* Debug */ = {
			isa = XCBuildConfiguration;
			buildSettings = {
				ASSETCATALOG_COMPILER_APPICON_NAME = AppIcon;
				INFOPLIST_FILE = BLE/Info.plist;
				IPHONEOS_DEPLOYMENT_TARGET = 8.0;
				LD_RUNPATH_SEARCH_PATHS = "$(inherited) @executable_path/Frameworks";
				PRODUCT_BUNDLE_IDENTIFIER = com.BLE;
				PRODUCT_NAME = "$(TARGET_NAME)";
			};
			name = Debug;
		};
		C46A27F11C3E518A004BBC17 /* Release */ = {
			isa = XCBuildConfiguration;
			buildSettings = {
				ASSETCATALOG_COMPILER_APPICON_NAME = AppIcon;
				INFOPLIST_FILE = BLE/Info.plist;
				IPHONEOS_DEPLOYMENT_TARGET = 8.0;
				LD_RUNPATH_SEARCH_PATHS = "$(inherited) @executable_path/Frameworks";
				PRODUCT_BUNDLE_IDENTIFIER = com.BLE;
				PRODUCT_NAME = "$(TARGET_NAME)";
			};
			name = Release;
		};
/* End XCBuildConfiguration section */

/* Begin XCConfigurationList section */
		C46A27D51C3E518A004BBC17 /* Build configuration list for PBXProject "BLE" */ = {
			isa = XCConfigurationList;
			buildConfigurations = (
				C46A27ED1C3E518A004BBC17 /* Debug */,
				C46A27EE1C3E518A004BBC17 /* Release */,
			);
			defaultConfigurationIsVisible = 0;
			defaultConfigurationName = Release;
		};
		C46A27EF1C3E518A004BBC17 /* Build configuration list for PBXNativeTarget "BLE" */ = {
			isa = XCConfigurationList;
			buildConfigurations = (
				C46A27F01C3E518A004BBC17 /* Debug */,
				C46A27F11C3E518A004BBC17 /* Release */,
			);
			defaultConfigurationIsVisible = 0;
		};
/* End XCConfigurationList section */

/* Begin XCVersionGroup section */
		C46A27E41C3E518A004BBC17 /* BLE.xcdatamodeld */ = {
			isa = XCVersionGroup;
			children = (
				C46A27E51C3E518A004BBC17 /* BLE.xcdatamodel */,
			);
			currentVersion = C46A27E51C3E518A004BBC17 /* BLE.xcdatamodel */;
			path = BLE.xcdatamodeld;
			sourceTree = "<group>";
			versionGroupType = wrapper.xcdatamodel;
		};
/* End XCVersionGroup section */
	};
	rootObject = C46A27D21C3E518A004BBC17 /* Project object */;
}
